
Microsoft Visual Studio Solution File, Format Version 12.00
# Visual Studio Version 17
VisualStudioVersion = 17.12.35514.174
MinimumVisualStudioVersion = 10.0.40219.1
Project("{FAE04EC0-301F-11D3-BF4B-00C04F79EFBC}") = "Rooms", "Rooms\Rooms.csproj", "{5110841B-A30D-4168-A76C-C78716026271}"
EndProject
Project("{FAE04EC0-301F-11D3-BF4B-00C04F79EFBC}") = "RoomsTests", "RoomsTests\RoomsTests.csproj", "{47799C72-B672-4989-81AE-45C140E307C9}"
EndProject
Global
	GlobalSection(SolutionConfigurationPlatforms) = preSolution
		Debug|Any CPU = Debug|Any CPU
		Release|Any CPU = Release|Any CPU
	EndGlobalSection
	GlobalSection(ProjectConfigurationPlatforms) = postSolution
		{5110841B-A30D-4168-A76C-C78716026271}.Debug|Any CPU.ActiveCfg = Debug|Any CPU
		{5110841B-A30D-4168-A76C-C78716026271}.Debug|Any CPU.Build.0 = Debug|Any CPU
		{5110841B-A30D-4168-A76C-C78716026271}.Release|Any CPU.ActiveCfg = Release|Any CPU
		{5110841B-A30D-4168-A76C-C78716026271}.Release|Any CPU.Build.0 = Release|Any CPU
		{47799C72-B672-4989-81AE-45C140E307C9}.Debug|Any CPU.ActiveCfg = Debug|Any CPU
		{47799C72-B672-4989-81AE-45C140E307C9}.Debug|Any CPU.Build.0 = Debug|Any CPU
		{47799C72-B672-4989-81AE-45C140E307C9}.Release|Any CPU.ActiveCfg = Release|Any CPU
		{47799C72-B672-4989-81AE-45C140E307C9}.Release|Any CPU.Build.0 = Release|Any CPU
	EndGlobalSection
	GlobalSection(SolutionProperties) = preSolution
		HideSolutionNode = FALSE
	EndGlobalSection
EndGlobal
